
Microsoft Visual Studio Solution File, Format Version 12.00
# Visual Studio Version 17
VisualStudioVersion = 17.0.31903.59
MinimumVisualStudioVersion = 10.0.40219.1
Project("{2150E333-8FDC-42A3-9474-1A3956D46DE8}") = "src", "src", "{827E0CD3-B72D-47B6-A68D-7590B98EB39B}"
EndProject
Project("{FAE04EC0-301F-11D3-BF4B-00C04F79EFBC}") = "FastIngest.Core", "src\FastIngest.Core\FastIngest.Core.csproj", "{450B7784-51D4-4604-9F41-D68D484AFE67}"
EndProject
Project("{FAE04EC0-301F-11D3-BF4B-00C04F79EFBC}") = "FastIngest.PostgreSql", "src\FastIngest.PostgreSql\FastIngest.PostgreSql.csproj", "{51D2A0D7-5E70-421A-99A0-290C905D1B5C}"
EndProject
Project("{2150E333-8FDC-42A3-9474-1A3956D46DE8}") = "samples", "samples", "{5D20AA90-6969-D8BD-9DCD-8634F4692FDA}"
EndProject
Project("{FAE04EC0-301F-11D3-BF4B-00C04F79EFBC}") = "FastIngest.SampleApi", "samples\FastIngest.SampleApi\FastIngest.SampleApi.csproj", "{A7AB0FAB-D138-43F9-8A08-65B2A41237D9}"
EndProject
Project("{2150E333-8FDC-42A3-9474-1A3956D46DE8}") = "tests", "tests", "{0AB3BF05-4346-4AA6-1389-037BE0695223}"
EndProject
Project("{FAE04EC0-301F-11D3-BF4B-00C04F79EFBC}") = "FastIngest.Tests", "tests\FastIngest.Tests\FastIngest.Tests.csproj", "{BB69AF65-0F53-4A64-AE9B-23CFBA49D8CA}"
EndProject
Project("{FAE04EC0-301F-11D3-BF4B-00C04F79EFBC}") = "FastIngest.Extensions.DependencyInjection", "src\FastIngest.Extensions.DependencyInjection\FastIngest.Extensions.DependencyInjection.csproj", "{257838C4-6B7B-4406-9009-026950F17708}"
EndProject
Project("{FAE04EC0-301F-11D3-BF4B-00C04F79EFBC}") = "FastIngest.SqlServer", "src\FastIngest.SqlServer\FastIngest.SqlServer.csproj", "{B862476C-B10C-46EE-9405-2EC733B71EF8}"
EndProject
Project("{FAE04EC0-301F-11D3-BF4B-00C04F79EFBC}") = "FastIngest.MongoDb", "src\FastIngest.MongoDb\FastIngest.MongoDb.csproj", "{74B9DD0A-C446-40C8-98B9-8246A82C7070}"
EndProject
Project("{FAE04EC0-301F-11D3-BF4B-00C04F79EFBC}") = "FastIngest.MySql", "src\FastIngest.MySql\FastIngest.MySql.csproj", "{6413DDB5-99BA-44B7-9974-315BAA2E8711}"
EndProject
Project("{FAE04EC0-301F-11D3-BF4B-00C04F79EFBC}") = "FastIngest.Sqlite", "src\FastIngest.Sqlite\FastIngest.Sqlite.csproj", "{4A96370D-F505-4ED1-8B2A-518AF16AB97D}"
EndProject
Project("{FAE04EC0-301F-11D3-BF4B-00C04F79EFBC}") = "FastIngest.CosmosDb", "src\FastIngest.CosmosDb\FastIngest.CosmosDb.csproj", "{670ABB0C-955A-4FC0-B6B6-594EB40777E7}"
EndProject
Project("{FAE04EC0-301F-11D3-BF4B-00C04F79EFBC}") = "FastIngest.Elasticsearch", "src\FastIngest.Elasticsearch\FastIngest.Elasticsearch.csproj", "{149F8AF3-ADDA-475A-8F77-7DD37627C0CC}"
EndProject
Project("{2150E333-8FDC-42A3-9474-1A3956D46DE8}") = "benchmarks", "benchmarks", "{66320409-64EC-F7C5-3DEF-65E7510DAAD1}"
EndProject
Project("{FAE04EC0-301F-11D3-BF4B-00C04F79EFBC}") = "FastIngest.Benchmarks", "benchmarks\FastIngest.Benchmarks\FastIngest.Benchmarks.csproj", "{6C76CCEB-276D-4803-9355-560C65C40F62}"
EndProject
Global
	GlobalSection(SolutionConfigurationPlatforms) = preSolution
		Debug|Any CPU = Debug|Any CPU
		Debug|x64 = Debug|x64
		Debug|x86 = Debug|x86
		Release|Any CPU = Release|Any CPU
		Release|x64 = Release|x64
		Release|x86 = Release|x86
	EndGlobalSection
	GlobalSection(ProjectConfigurationPlatforms) = postSolution
		{450B7784-51D4-4604-9F41-D68D484AFE67}.Debug|Any CPU.ActiveCfg = Debug|Any CPU
		{450B7784-51D4-4604-9F41-D68D484AFE67}.Debug|Any CPU.Build.0 = Debug|Any CPU
		{450B7784-51D4-4604-9F41-D68D484AFE67}.Debug|x64.ActiveCfg = Debug|Any CPU
		{450B7784-51D4-4604-9F41-D68D484AFE67}.Debug|x64.Build.0 = Debug|Any CPU
		{450B7784-51D4-4604-9F41-D68D484AFE67}.Debug|x86.ActiveCfg = Debug|Any CPU
		{450B7784-51D4-4604-9F41-D68D484AFE67}.Debug|x86.Build.0 = Debug|Any CPU
		{450B7784-51D4-4604-9F41-D68D484AFE67}.Release|Any CPU.ActiveCfg = Release|Any CPU
		{450B7784-51D4-4604-9F41-D68D484AFE67}.Release|Any CPU.Build.0 = Release|Any CPU
		{450B7784-51D4-4604-9F41-D68D484AFE67}.Release|x64.ActiveCfg = Release|Any CPU
		{450B7784-51D4-4604-9F41-D68D484AFE67}.Release|x64.Build.0 = Release|Any CPU
		{450B7784-51D4-4604-9F41-D68D484AFE67}.Release|x86.ActiveCfg = Release|Any CPU
		{450B7784-51D4-4604-9F41-D68D484AFE67}.Release|x86.Build.0 = Release|Any CPU
		{51D2A0D7-5E70-421A-99A0-290C905D1B5C}.Debug|Any CPU.ActiveCfg = Debug|Any CPU
		{51D2A0D7-5E70-421A-99A0-290C905D1B5C}.Debug|Any CPU.Build.0 = Debug|Any CPU
		{51D2A0D7-5E70-421A-99A0-290C905D1B5C}.Debug|x64.ActiveCfg = Debug|Any CPU
		{51D2A0D7-5E70-421A-99A0-290C905D1B5C}.Debug|x64.Build.0 = Debug|Any CPU
		{51D2A0D7-5E70-421A-99A0-290C905D1B5C}.Debug|x86.ActiveCfg = Debug|Any CPU
		{51D2A0D7-5E70-421A-99A0-290C905D1B5C}.Debug|x86.Build.0 = Debug|Any CPU
		{51D2A0D7-5E70-421A-99A0-290C905D1B5C}.Release|Any CPU.ActiveCfg = Release|Any CPU
		{51D2A0D7-5E70-421A-99A0-290C905D1B5C}.Release|Any CPU.Build.0 = Release|Any CPU
		{51D2A0D7-5E70-421A-99A0-290C905D1B5C}.Release|x64.ActiveCfg = Release|Any CPU
		{51D2A0D7-5E70-421A-99A0-290C905D1B5C}.Release|x64.Build.0 = Release|Any CPU
		{51D2A0D7-5E70-421A-99A0-290C905D1B5C}.Release|x86.ActiveCfg = Release|Any CPU
		{51D2A0D7-5E70-421A-99A0-290C905D1B5C}.Release|x86.Build.0 = Release|Any CPU
		{A7AB0FAB-D138-43F9-8A08-65B2A41237D9}.Debug|Any CPU.ActiveCfg = Debug|Any CPU
		{A7AB0FAB-D138-43F9-8A08-65B2A41237D9}.Debug|Any CPU.Build.0 = Debug|Any CPU
		{A7AB0FAB-D138-43F9-8A08-65B2A41237D9}.Debug|x64.ActiveCfg = Debug|Any CPU
		{A7AB0FAB-D138-43F9-8A08-65B2A41237D9}.Debug|x64.Build.0 = Debug|Any CPU
		{A7AB0FAB-D138-43F9-8A08-65B2A41237D9}.Debug|x86.ActiveCfg = Debug|Any CPU
		{A7AB0FAB-D138-43F9-8A08-65B2A41237D9}.Debug|x86.Build.0 = Debug|Any CPU
		{A7AB0FAB-D138-43F9-8A08-65B2A41237D9}.Release|Any CPU.ActiveCfg = Release|Any CPU
		{A7AB0FAB-D138-43F9-8A08-65B2A41237D9}.Release|Any CPU.Build.0 = Release|Any CPU
		{A7AB0FAB-D138-43F9-8A08-65B2A41237D9}.Release|x64.ActiveCfg = Release|Any CPU
		{A7AB0FAB-D138-43F9-8A08-65B2A41237D9}.Release|x64.Build.0 = Release|Any CPU
		{A7AB0FAB-D138-43F9-8A08-65B2A41237D9}.Release|x86.ActiveCfg = Release|Any CPU
		{A7AB0FAB-D138-43F9-8A08-65B2A41237D9}.Release|x86.Build.0 = Release|Any CPU
		{BB69AF65-0F53-4A64-AE9B-23CFBA49D8CA}.Debug|Any CPU.ActiveCfg = Debug|Any CPU
		{BB69AF65-0F53-4A64-AE9B-23CFBA49D8CA}.Debug|Any CPU.Build.0 = Debug|Any CPU
		{BB69AF65-0F53-4A64-AE9B-23CFBA49D8CA}.Debug|x64.ActiveCfg = Debug|Any CPU
		{BB69AF65-0F53-4A64-AE9B-23CFBA49D8CA}.Debug|x64.Build.0 = Debug|Any CPU
		{BB69AF65-0F53-4A64-AE9B-23CFBA49D8CA}.Debug|x86.ActiveCfg = Debug|Any CPU
		{BB69AF65-0F53-4A64-AE9B-23CFBA49D8CA}.Debug|x86.Build.0 = Debug|Any CPU
		{BB69AF65-0F53-4A64-AE9B-23CFBA49D8CA}.Release|Any CPU.ActiveCfg = Release|Any CPU
		{BB69AF65-0F53-4A64-AE9B-23CFBA49D8CA}.Release|Any CPU.Build.0 = Release|Any CPU
		{BB69AF65-0F53-4A64-AE9B-23CFBA49D8CA}.Release|x64.ActiveCfg = Release|Any CPU
		{BB69AF65-0F53-4A64-AE9B-23CFBA49D8CA}.Release|x64.Build.0 = Release|Any CPU
		{BB69AF65-0F53-4A64-AE9B-23CFBA49D8CA}.Release|x86.ActiveCfg = Release|Any CPU
		{BB69AF65-0F53-4A64-AE9B-23CFBA49D8CA}.Release|x86.Build.0 = Release|Any CPU
		{257838C4-6B7B-4406-9009-026950F17708}.Debug|Any CPU.ActiveCfg = Debug|Any CPU
		{257838C4-6B7B-4406-9009-026950F17708}.Debug|Any CPU.Build.0 = Debug|Any CPU
		{257838C4-6B7B-4406-9009-026950F17708}.Debug|x64.ActiveCfg = Debug|Any CPU
		{257838C4-6B7B-4406-9009-026950F17708}.Debug|x64.Build.0 = Debug|Any CPU
		{257838C4-6B7B-4406-9009-026950F17708}.Debug|x86.ActiveCfg = Debug|Any CPU
		{257838C4-6B7B-4406-9009-026950F17708}.Debug|x86.Build.0 = Debug|Any CPU
		{257838C4-6B7B-4406-9009-026950F17708}.Release|Any CPU.ActiveCfg = Release|Any CPU
		{257838C4-6B7B-4406-9009-026950F17708}.Release|Any CPU.Build.0 = Release|Any CPU
		{257838C4-6B7B-4406-9009-026950F17708}.Release|x64.ActiveCfg = Release|Any CPU
		{257838C4-6B7B-4406-9009-026950F17708}.Release|x64.Build.0 = Release|Any CPU
		{257838C4-6B7B-4406-9009-026950F17708}.Release|x86.ActiveCfg = Release|Any CPU
		{257838C4-6B7B-4406-9009-026950F17708}.Release|x86.Build.0 = Release|Any CPU
		{B862476C-B10C-46EE-9405-2EC733B71EF8}.Debug|Any CPU.ActiveCfg = Debug|Any CPU
		{B862476C-B10C-46EE-9405-2EC733B71EF8}.Debug|Any CPU.Build.0 = Debug|Any CPU
		{B862476C-B10C-46EE-9405-2EC733B71EF8}.Debug|x64.ActiveCfg = Debug|Any CPU
		{B862476C-B10C-46EE-9405-2EC733B71EF8}.Debug|x64.Build.0 = Debug|Any CPU
		{B862476C-B10C-46EE-9405-2EC733B71EF8}.Debug|x86.ActiveCfg = Debug|Any CPU
		{B862476C-B10C-46EE-9405-2EC733B71EF8}.Debug|x86.Build.0 = Debug|Any CPU
		{B862476C-B10C-46EE-9405-2EC733B71EF8}.Release|Any CPU.ActiveCfg = Release|Any CPU
		{B862476C-B10C-46EE-9405-2EC733B71EF8}.Release|Any CPU.Build.0 = Release|Any CPU
		{B862476C-B10C-46EE-9405-2EC733B71EF8}.Release|x64.ActiveCfg = Release|Any CPU
		{B862476C-B10C-46EE-9405-2EC733B71EF8}.Release|x64.Build.0 = Release|Any CPU
		{B862476C-B10C-46EE-9405-2EC733B71EF8}.Release|x86.ActiveCfg = Release|Any CPU
		{B862476C-B10C-46EE-9405-2EC733B71EF8}.Release|x86.Build.0 = Release|Any CPU
		{74B9DD0A-C446-40C8-98B9-8246A82C7070}.Debug|Any CPU.ActiveCfg = Debug|Any CPU
		{74B9DD0A-C446-40C8-98B9-8246A82C7070}.Debug|Any CPU.Build.0 = Debug|Any CPU
		{74B9DD0A-C446-40C8-98B9-8246A82C7070}.Debug|x64.ActiveCfg = Debug|Any CPU
		{74B9DD0A-C446-40C8-98B9-8246A82C7070}.Debug|x64.Build.0 = Debug|Any CPU
		{74B9DD0A-C446-40C8-98B9-8246A82C7070}.Debug|x86.ActiveCfg = Debug|Any CPU
		{74B9DD0A-C446-40C8-98B9-8246A82C7070}.Debug|x86.Build.0 = Debug|Any CPU
		{74B9DD0A-C446-40C8-98B9-8246A82C7070}.Release|Any CPU.ActiveCfg = Release|Any CPU
		{74B9DD0A-C446-40C8-98B9-8246A82C7070}.Release|Any CPU.Build.0 = Release|Any CPU
		{74B9DD0A-C446-40C8-98B9-8246A82C7070}.Release|x64.ActiveCfg = Release|Any CPU
		{74B9DD0A-C446-40C8-98B9-8246A82C7070}.Release|x64.Build.0 = Release|Any CPU
		{74B9DD0A-C446-40C8-98B9-8246A82C7070}.Release|x86.ActiveCfg = Release|Any CPU
		{74B9DD0A-C446-40C8-98B9-8246A82C7070}.Release|x86.Build.0 = Release|Any CPU
		{6413DDB5-99BA-44B7-9974-315BAA2E8711}.Debug|Any CPU.ActiveCfg = Debug|Any CPU
		{6413DDB5-99BA-44B7-9974-315BAA2E8711}.Debug|Any CPU.Build.0 = Debug|Any CPU
		{6413DDB5-99BA-44B7-9974-315BAA2E8711}.Debug|x64.ActiveCfg = Debug|Any CPU
		{6413DDB5-99BA-44B7-9974-315BAA2E8711}.Debug|x64.Build.0 = Debug|Any CPU
		{6413DDB5-99BA-44B7-9974-315BAA2E8711}.Debug|x86.ActiveCfg = Debug|Any CPU
		{6413DDB5-99BA-44B7-9974-315BAA2E8711}.Debug|x86.Build.0 = Debug|Any CPU
		{6413DDB5-99BA-44B7-9974-315BAA2E8711}.Release|Any CPU.ActiveCfg = Release|Any CPU
		{6413DDB5-99BA-44B7-9974-315BAA2E8711}.Release|Any CPU.Build.0 = Release|Any CPU
		{6413DDB5-99BA-44B7-9974-315BAA2E8711}.Release|x64.ActiveCfg = Release|Any CPU
		{6413DDB5-99BA-44B7-9974-315BAA2E8711}.Release|x64.Build.0 = Release|Any CPU
		{6413DDB5-99BA-44B7-9974-315BAA2E8711}.Release|x86.ActiveCfg = Release|Any CPU
		{6413DDB5-99BA-44B7-9974-315BAA2E8711}.Release|x86.Build.0 = Release|Any CPU
		{4A96370D-F505-4ED1-8B2A-518AF16AB97D}.Debug|Any CPU.ActiveCfg = Debug|Any CPU
		{4A96370D-F505-4ED1-8B2A-518AF16AB97D}.Debug|Any CPU.Build.0 = Debug|Any CPU
		{4A96370D-F505-4ED1-8B2A-518AF16AB97D}.Debug|x64.ActiveCfg = Debug|Any CPU
		{4A96370D-F505-4ED1-8B2A-518AF16AB97D}.Debug|x64.Build.0 = Debug|Any CPU
		{4A96370D-F505-4ED1-8B2A-518AF16AB97D}.Debug|x86.ActiveCfg = Debug|Any CPU
		{4A96370D-F505-4ED1-8B2A-518AF16AB97D}.Debug|x86.Build.0 = Debug|Any CPU
		{4A96370D-F505-4ED1-8B2A-518AF16AB97D}.Release|Any CPU.ActiveCfg = Release|Any CPU
		{4A96370D-F505-4ED1-8B2A-518AF16AB97D}.Release|Any CPU.Build.0 = Release|Any CPU
		{4A96370D-F505-4ED1-8B2A-518AF16AB97D}.Release|x64.ActiveCfg = Release|Any CPU
		{4A96370D-F505-4ED1-8B2A-518AF16AB97D}.Release|x64.Build.0 = Release|Any CPU
		{4A96370D-F505-4ED1-8B2A-518AF16AB97D}.Release|x86.ActiveCfg = Release|Any CPU
		{4A96370D-F505-4ED1-8B2A-518AF16AB97D}.Release|x86.Build.0 = Release|Any CPU
		{670ABB0C-955A-4FC0-B6B6-594EB40777E7}.Debug|Any CPU.ActiveCfg = Debug|Any CPU
		{670ABB0C-955A-4FC0-B6B6-594EB40777E7}.Debug|Any CPU.Build.0 = Debug|Any CPU
		{670ABB0C-955A-4FC0-B6B6-594EB40777E7}.Debug|x64.ActiveCfg = Debug|Any CPU
		{670ABB0C-955A-4FC0-B6B6-594EB40777E7}.Debug|x64.Build.0 = Debug|Any CPU
		{670ABB0C-955A-4FC0-B6B6-594EB40777E7}.Debug|x86.ActiveCfg = Debug|Any CPU
		{670ABB0C-955A-4FC0-B6B6-594EB40777E7}.Debug|x86.Build.0 = Debug|Any CPU
		{670ABB0C-955A-4FC0-B6B6-594EB40777E7}.Release|Any CPU.ActiveCfg = Release|Any CPU
		{670ABB0C-955A-4FC0-B6B6-594EB40777E7}.Release|Any CPU.Build.0 = Release|Any CPU
		{670ABB0C-955A-4FC0-B6B6-594EB40777E7}.Release|x64.ActiveCfg = Release|Any CPU
		{670ABB0C-955A-4FC0-B6B6-594EB40777E7}.Release|x64.Build.0 = Release|Any CPU
		{670ABB0C-955A-4FC0-B6B6-594EB40777E7}.Release|x86.ActiveCfg = Release|Any CPU
		{670ABB0C-955A-4FC0-B6B6-594EB40777E7}.Release|x86.Build.0 = Release|Any CPU
		{149F8AF3-ADDA-475A-8F77-7DD37627C0CC}.Debug|Any CPU.ActiveCfg = Debug|Any CPU
		{149F8AF3-ADDA-475A-8F77-7DD37627C0CC}.Debug|Any CPU.Build.0 = Debug|Any CPU
		{149F8AF3-ADDA-475A-8F77-7DD37627C0CC}.Debug|x64.ActiveCfg = Debug|Any CPU
		{149F8AF3-ADDA-475A-8F77-7DD37627C0CC}.Debug|x64.Build.0 = Debug|Any CPU
		{149F8AF3-ADDA-475A-8F77-7DD37627C0CC}.Debug|x86.ActiveCfg = Debug|Any CPU
		{149F8AF3-ADDA-475A-8F77-7DD37627C0CC}.Debug|x86.Build.0 = Debug|Any CPU
		{149F8AF3-ADDA-475A-8F77-7DD37627C0CC}.Release|Any CPU.ActiveCfg = Release|Any CPU
		{149F8AF3-ADDA-475A-8F77-7DD37627C0CC}.Release|Any CPU.Build.0 = Release|Any CPU
		{149F8AF3-ADDA-475A-8F77-7DD37627C0CC}.Release|x64.ActiveCfg = Release|Any CPU
		{149F8AF3-ADDA-475A-8F77-7DD37627C0CC}.Release|x64.Build.0 = Release|Any CPU
		{149F8AF3-ADDA-475A-8F77-7DD37627C0CC}.Release|x86.ActiveCfg = Release|Any CPU
		{149F8AF3-ADDA-475A-8F77-7DD37627C0CC}.Release|x86.Build.0 = Release|Any CPU
		{6C76CCEB-276D-4803-9355-560C65C40F62}.Debug|Any CPU.ActiveCfg = Debug|Any CPU
		{6C76CCEB-276D-4803-9355-560C65C40F62}.Debug|Any CPU.Build.0 = Debug|Any CPU
		{6C76CCEB-276D-4803-9355-560C65C40F62}.Debug|x64.ActiveCfg = Debug|Any CPU
		{6C76CCEB-276D-4803-9355-560C65C40F62}.Debug|x64.Build.0 = Debug|Any CPU
		{6C76CCEB-276D-4803-9355-560C65C40F62}.Debug|x86.ActiveCfg = Debug|Any CPU
		{6C76CCEB-276D-4803-9355-560C65C40F62}.Debug|x86.Build.0 = Debug|Any CPU
		{6C76CCEB-276D-4803-9355-560C65C40F62}.Release|Any CPU.ActiveCfg = Release|Any CPU
		{6C76CCEB-276D-4803-9355-560C65C40F62}.Release|Any CPU.Build.0 = Release|Any CPU
		{6C76CCEB-276D-4803-9355-560C65C40F62}.Release|x64.ActiveCfg = Release|Any CPU
		{6C76CCEB-276D-4803-9355-560C65C40F62}.Release|x64.Build.0 = Release|Any CPU
		{6C76CCEB-276D-4803-9355-560C65C40F62}.Release|x86.ActiveCfg = Release|Any CPU
		{6C76CCEB-276D-4803-9355-560C65C40F62}.Release|x86.Build.0 = Release|Any CPU
	EndGlobalSection
	GlobalSection(SolutionProperties) = preSolution
		HideSolutionNode = FALSE
	EndGlobalSection
	GlobalSection(NestedProjects) = preSolution
		{450B7784-51D4-4604-9F41-D68D484AFE67} = {827E0CD3-B72D-47B6-A68D-7590B98EB39B}
		{51D2A0D7-5E70-421A-99A0-290C905D1B5C} = {827E0CD3-B72D-47B6-A68D-7590B98EB39B}
		{A7AB0FAB-D138-43F9-8A08-65B2A41237D9} = {5D20AA90-6969-D8BD-9DCD-8634F4692FDA}
		{BB69AF65-0F53-4A64-AE9B-23CFBA49D8CA} = {0AB3BF05-4346-4AA6-1389-037BE0695223}
		{257838C4-6B7B-4406-9009-026950F17708} = {827E0CD3-B72D-47B6-A68D-7590B98EB39B}
		{B862476C-B10C-46EE-9405-2EC733B71EF8} = {827E0CD3-B72D-47B6-A68D-7590B98EB39B}
		{74B9DD0A-C446-40C8-98B9-8246A82C7070} = {827E0CD3-B72D-47B6-A68D-7590B98EB39B}
		{6413DDB5-99BA-44B7-9974-315BAA2E8711} = {827E0CD3-B72D-47B6-A68D-7590B98EB39B}
		{4A96370D-F505-4ED1-8B2A-518AF16AB97D} = {827E0CD3-B72D-47B6-A68D-7590B98EB39B}
		{670ABB0C-955A-4FC0-B6B6-594EB40777E7} = {827E0CD3-B72D-47B6-A68D-7590B98EB39B}
		{149F8AF3-ADDA-475A-8F77-7DD37627C0CC} = {827E0CD3-B72D-47B6-A68D-7590B98EB39B}
		{6C76CCEB-276D-4803-9355-560C65C40F62} = {66320409-64EC-F7C5-3DEF-65E7510DAAD1}
	EndGlobalSection
EndGlobal
